
Microsoft Visual Studio Solution File, Format Version 12.00
# Visual Studio Version 17
VisualStudioVersion = 17.8.34408.163
MinimumVisualStudioVersion = 10.0.40219.1
Project("{FAE04EC0-301F-11D3-BF4B-00C04F79EFBC}") = "part2", "part2\part2.csproj", "{4D5A78D6-EEAC-4723-947E-8E7D936BCC8B}"
EndProject
Global
	GlobalSection(SolutionConfigurationPlatforms) = preSolution
		Debug|Any CPU = Debug|Any CPU
		Release|Any CPU = Release|Any CPU
	EndGlobalSection
	GlobalSection(ProjectConfigurationPlatforms) = postSolution
		{4D5A78D6-EEAC-4723-947E-8E7D936BCC8B}.Debug|Any CPU.ActiveCfg = Debug|Any CPU
		{4D5A78D6-EEAC-4723-947E-8E7D936BCC8B}.Debug|Any CPU.Build.0 = Debug|Any CPU
		{4D5A78D6-EEAC-4723-947E-8E7D936BCC8B}.Release|Any CPU.ActiveCfg = Release|Any CPU
		{4D5A78D6-EEAC-4723-947E-8E7D936BCC8B}.Release|Any CPU.Build.0 = Release|Any CPU
	EndGlobalSection
	GlobalSection(SolutionProperties) = preSolution
		HideSolutionNode = FALSE
	EndGlobalSection
	GlobalSection(ExtensibilityGlobals) = postSolution
		SolutionGuid = {E103B95A-A613-4D2D-AFF4-191928D9F919}
	EndGlobalSection
EndGlobal
